
Microsoft Visual Studio Solution File, Format Version 12.00
# Visual Studio Version 16
VisualStudioVersion = 16.0.33130.400
MinimumVisualStudioVersion = 10.0.40219.1
Project("{FAE04EC0-301F-11D3-BF4B-00C04F79EFBC}") = "EjemploBDMysql", "EjemploBDMysql\EjemploBDMysql.csproj", "{8F073A65-AFA9-48A5-A40A-563C8B95DB44}"
EndProject
Global
	GlobalSection(SolutionConfigurationPlatforms) = preSolution
		Debug|Any CPU = Debug|Any CPU
		Release|Any CPU = Release|Any CPU
	EndGlobalSection
	GlobalSection(ProjectConfigurationPlatforms) = postSolution
		{8F073A65-AFA9-48A5-A40A-563C8B95DB44}.Debug|Any CPU.ActiveCfg = Debug|Any CPU
		{8F073A65-AFA9-48A5-A40A-563C8B95DB44}.Debug|Any CPU.Build.0 = Debug|Any CPU
		{8F073A65-AFA9-48A5-A40A-563C8B95DB44}.Release|Any CPU.ActiveCfg = Release|Any CPU
		{8F073A65-AFA9-48A5-A40A-563C8B95DB44}.Release|Any CPU.Build.0 = Release|Any CPU
	EndGlobalSection
	GlobalSection(SolutionProperties) = preSolution
		HideSolutionNode = FALSE
	EndGlobalSection
	GlobalSection(ExtensibilityGlobals) = postSolution
		SolutionGuid = {62D01DD5-7466-4049-BD24-04BA1D673835}
	EndGlobalSection
EndGlobal
